{
  "nodes": {
    "flake-utils": {
      "locked": {
        "lastModified": 1667395993,
        "narHash": "sha256-nuEHfE/LcWyuSWnS8t12N1wc105Qtau+/OdUAjtQ0rA=",
        "owner": "numtide",
        "repo": "flake-utils",
        "rev": "5aed5285a952e0b949eb3ba02c12fa4fcfef535f",
        "type": "github"
      },
      "original": {
        "owner": "numtide",
        "repo": "flake-utils",
        "type": "github"
      }
    },
    "nixpkgs": {
      "locked": {
        "lastModified": 1670522596,
        "narHash": "sha256-R2u6S4PobCMvNmO3b0Flr4hRR6Oe1pqsdM02OgmwLOk=",
        "owner": "NixOS",
        "repo": "nixpkgs",
        "rev": "d4ec6e6fe530445d4877f997368588966eb5e8c2",
        "type": "github"
      },
      "original": {
        "owner": "NixOS",
        "repo": "nixpkgs",
        "type": "github"
      }
    },
    "poetry2nix": {
      "inputs": {
        "flake-utils": [
          "flake-utils"
        ],
        "nixpkgs": [
          "nixpkgs"
        ]
      },
      "locked": {
        "lastModified": 1670522733,
        "narHash": "sha256-HsHjIGutU3KNUOAgtNiSjD4buHSrxSvzt1WjpgIgowg=",
        "owner": "averyanalex",
        "repo": "poetry2nix",
        "rev": "f74dce4dc195234ac9c096438057b39191d65411",
        "type": "github"
      },
      "original": {
        "owner": "averyanalex",
        "repo": "poetry2nix",
        "type": "github"
      }
    },
    "root": {
      "inputs": {
        "flake-utils": "flake-utils",
        "nixpkgs": "nixpkgs",
        "poetry2nix": "poetry2nix"
      }
    }
  },
  "root": "root",
  "version": 7
}
